
Microsoft Visual Studio Solution File, Format Version 12.00
# Visual Studio Version 16
VisualStudioVersion = 16.0.30621.155
MinimumVisualStudioVersion = 10.0.40219.1
Project("{FAE04EC0-301F-11D3-BF4B-00C04F79EFBC}") = "FlowerPotUI", "LaboratoryBottle\FlowerPotUI.csproj", "{90AB99D9-82E3-4335-B678-090A8018700D}"
EndProject
Project("{FAE04EC0-301F-11D3-BF4B-00C04F79EFBC}") = "PotBuilder", "BottleBuilder\PotBuilder.csproj", "{6D683CFF-5D12-4015-8197-AD68428C0B3C}"
EndProject
Project("{FAE04EC0-301F-11D3-BF4B-00C04F79EFBC}") = "BottleParameters", "BottleParametrs\BottleParameters.csproj", "{BCE5F1A9-A381-48B5-AF64-FEC4AB92ACF1}"
EndProject
Project("{FAE04EC0-301F-11D3-BF4B-00C04F79EFBC}") = "KompasConnector", "KompassConnector\KompasConnector.csproj", "{E597121C-F48C-4872-BB90-E19FC92A826E}"
EndProject
Project("{FAE04EC0-301F-11D3-BF4B-00C04F79EFBC}") = "UnitTests", "UnitTests\UnitTests.csproj", "{A5EB248A-78F3-4D33-98F6-4F8C21BD331B}"
EndProject
Global
	GlobalSection(SolutionConfigurationPlatforms) = preSolution
		Debug|Any CPU = Debug|Any CPU
		Release|Any CPU = Release|Any CPU
	EndGlobalSection
	GlobalSection(ProjectConfigurationPlatforms) = postSolution
		{90AB99D9-82E3-4335-B678-090A8018700D}.Debug|Any CPU.ActiveCfg = Debug|Any CPU
		{90AB99D9-82E3-4335-B678-090A8018700D}.Debug|Any CPU.Build.0 = Debug|Any CPU
		{90AB99D9-82E3-4335-B678-090A8018700D}.Release|Any CPU.ActiveCfg = Release|Any CPU
		{90AB99D9-82E3-4335-B678-090A8018700D}.Release|Any CPU.Build.0 = Release|Any CPU
		{6D683CFF-5D12-4015-8197-AD68428C0B3C}.Debug|Any CPU.ActiveCfg = Debug|Any CPU
		{6D683CFF-5D12-4015-8197-AD68428C0B3C}.Debug|Any CPU.Build.0 = Debug|Any CPU
		{6D683CFF-5D12-4015-8197-AD68428C0B3C}.Release|Any CPU.ActiveCfg = Release|Any CPU
		{6D683CFF-5D12-4015-8197-AD68428C0B3C}.Release|Any CPU.Build.0 = Release|Any CPU
		{BCE5F1A9-A381-48B5-AF64-FEC4AB92ACF1}.Debug|Any CPU.ActiveCfg = Debug|Any CPU
		{BCE5F1A9-A381-48B5-AF64-FEC4AB92ACF1}.Debug|Any CPU.Build.0 = Debug|Any CPU
		{BCE5F1A9-A381-48B5-AF64-FEC4AB92ACF1}.Release|Any CPU.ActiveCfg = Release|Any CPU
		{BCE5F1A9-A381-48B5-AF64-FEC4AB92ACF1}.Release|Any CPU.Build.0 = Release|Any CPU
		{E597121C-F48C-4872-BB90-E19FC92A826E}.Debug|Any CPU.ActiveCfg = Debug|Any CPU
		{E597121C-F48C-4872-BB90-E19FC92A826E}.Debug|Any CPU.Build.0 = Debug|Any CPU
		{E597121C-F48C-4872-BB90-E19FC92A826E}.Release|Any CPU.ActiveCfg = Release|Any CPU
		{E597121C-F48C-4872-BB90-E19FC92A826E}.Release|Any CPU.Build.0 = Release|Any CPU
		{A5EB248A-78F3-4D33-98F6-4F8C21BD331B}.Debug|Any CPU.ActiveCfg = Debug|Any CPU
		{A5EB248A-78F3-4D33-98F6-4F8C21BD331B}.Debug|Any CPU.Build.0 = Debug|Any CPU
		{A5EB248A-78F3-4D33-98F6-4F8C21BD331B}.Release|Any CPU.ActiveCfg = Release|Any CPU
		{A5EB248A-78F3-4D33-98F6-4F8C21BD331B}.Release|Any CPU.Build.0 = Release|Any CPU
	EndGlobalSection
	GlobalSection(SolutionProperties) = preSolution
		HideSolutionNode = FALSE
	EndGlobalSection
	GlobalSection(ExtensibilityGlobals) = postSolution
		SolutionGuid = {5A73EE24-41CF-4A0F-ADEF-0BACD8F44651}
	EndGlobalSection
EndGlobal
